
Microsoft Visual Studio Solution File, Format Version 12.00
# Visual Studio 15
VisualStudioVersion = 15.0.28307.168
MinimumVisualStudioVersion = 10.0.40219.1
Project("{FAE04EC0-301F-11D3-BF4B-00C04F79EFBC}") = "Microsoft.Dynamics365.Integrations.Function", "FunctionApp3\Microsoft.Dynamics365.Integrations.Function.csproj", "{5DA9F6EC-CA39-4396-AF20-B35431AD41A3}"
EndProject
Global
	GlobalSection(SolutionConfigurationPlatforms) = preSolution
		Debug|Any CPU = Debug|Any CPU
		Release|Any CPU = Release|Any CPU
	EndGlobalSection
	GlobalSection(ProjectConfigurationPlatforms) = postSolution
		{5DA9F6EC-CA39-4396-AF20-B35431AD41A3}.Debug|Any CPU.ActiveCfg = Debug|Any CPU
		{5DA9F6EC-CA39-4396-AF20-B35431AD41A3}.Debug|Any CPU.Build.0 = Debug|Any CPU
		{5DA9F6EC-CA39-4396-AF20-B35431AD41A3}.Release|Any CPU.ActiveCfg = Release|Any CPU
		{5DA9F6EC-CA39-4396-AF20-B35431AD41A3}.Release|Any CPU.Build.0 = Release|Any CPU
	EndGlobalSection
	GlobalSection(SolutionProperties) = preSolution
		HideSolutionNode = FALSE
	EndGlobalSection
	GlobalSection(ExtensibilityGlobals) = postSolution
		SolutionGuid = {7050D787-18DE-4DBF-89EB-F4A2BC7068E9}
	EndGlobalSection
EndGlobal
